// !$*UTF8*$!
{
	archiveVersion = 1;
	classes = {
	};
	objectVersion = 46;
	objects = {

/* Begin PBXBuildFile section */
		F22A36FA199BE1C100512C87 /* OPTVC.m in Sources */ = {isa = PBXBuildFile; fileRef = F22A36F9199BE1C100512C87 /* OPTVC.m */; };
		F251BE15199A988F0030C7F6 /* MPController.m in Sources */ = {isa = PBXBuildFile; fileRef = F251BE14199A988F0030C7F6 /* MPController.m */; };
		F298B75119BC745400F1D6F5 /* AudioController.m in Sources */ = {isa = PBXBuildFile; fileRef = F298B74F19BC745400F1D6F5 /* AudioController.m */; };
		F2AD5BB1199963DE00A26E5D /* main.m in Sources */ = {isa = PBXBuildFile; fileRef = F2AD5BB0199963DE00A26E5D /* main.m */; };
		F2AD5BB4199963DE00A26E5D /* AppDelegate.m in Sources */ = {isa = PBXBuildFile; fileRef = F2AD5BB3199963DE00A26E5D /* AppDelegate.m */; };
		F2AD5BB7199963DE00A26E5D /* ViewController.m in Sources */ = {isa = PBXBuildFile; fileRef = F2AD5BB6199963DE00A26E5D /* ViewController.m */; };
		F2AD5BBA199963DE00A26E5D /* Main.storyboard in Resources */ = {isa = PBXBuildFile; fileRef = F2AD5BB8199963DE00A26E5D /* Main.storyboard */; };
		F2AD5BBC199963DE00A26E5D /* Images.xcassets in Resources */ = {isa = PBXBuildFile; fileRef = F2AD5BBB199963DE00A26E5D /* Images.xcassets */; };
		F2AD5BC8199963DE00A26E5D /* cueLightControllerTests.m in Sources */ = {isa = PBXBuildFile; fileRef = F2AD5BC7199963DE00A26E5D /* cueLightControllerTests.m */; };
/* End PBXBuildFile section */

/* Begin PBXContainerItemProxy section */
		F2AD5BC2199963DE00A26E5D /* PBXContainerItemProxy */ = {
			isa = PBXContainerItemProxy;
			containerPortal = F2AD5BA3199963DE00A26E5D /* Project object */;
			proxyType = 1;
			remoteGlobalIDString = F2AD5BAA199963DE00A26E5D;
			remoteInfo = cueLightController;
		};
/* End PBXContainerItemProxy section */

/* Begin PBXFileReference section */
		F22A36F8199BE1C100512C87 /* OPTVC.h */ = {isa = PBXFileReference; fileEncoding = 4; lastKnownFileType = sourcecode.c.h; path = OPTVC.h; sourceTree = "<group>"; };
		F22A36F9199BE1C100512C87 /* OPTVC.m */ = {isa = PBXFileReference; fileEncoding = 4; lastKnownFileType = sourcecode.c.objc; path = OPTVC.m; sourceTree = "<group>"; };
		F251BE13199A988F0030C7F6 /* MPController.h */ = {isa = PBXFileReference; fileEncoding = 4; lastKnownFileType = sourcecode.c.h; name = MPController.h; path = ../../CueLight/CueLight/MPController.h; sourceTree = "<group>"; };
		F251BE14199A988F0030C7F6 /* MPController.m */ = {isa = PBXFileReference; fileEncoding = 4; lastKnownFileType = sourcecode.c.objc; name = MPController.m; path = ../../CueLight/CueLight/MPController.m; sourceTree = "<group>"; };
		F298B74F19BC745400F1D6F5 /* AudioController.m */ = {isa = PBXFileReference; fileEncoding = 4; lastKnownFileType = sourcecode.c.objc; name = AudioController.m; path = ../../CueLight/CueLight/AudioController.m; sourceTree = "<group>"; };
		F298B75019BC745400F1D6F5 /* AudioController.h */ = {isa = PBXFileReference; fileEncoding = 4; lastKnownFileType = sourcecode.c.h; name = AudioController.h; path = ../../CueLight/CueLight/AudioController.h; sourceTree = "<group>"; };
		F2AD5BAB199963DE00A26E5D /* CueLightController.temp_caseinsensitive_rename.app */ = {isa = PBXFileReference; explicitFileType = wrapper.application; includeInIndex = 0; path = CueLightController.temp_caseinsensitive_rename.app; sourceTree = BUILT_PRODUCTS_DIR; };
		F2AD5BAF199963DE00A26E5D /* Info.plist */ = {isa = PBXFileReference; lastKnownFileType = text.plist.xml; path = Info.plist; sourceTree = "<group>"; };
		F2AD5BB0199963DE00A26E5D /* main.m */ = {isa = PBXFileReference; lastKnownFileType = sourcecode.c.objc; path = main.m; sourceTree = "<group>"; };
		F2AD5BB2199963DE00A26E5D /* AppDelegate.h */ = {isa = PBXFileReference; lastKnownFileType = sourcecode.c.h; path = AppDelegate.h; sourceTree = "<group>"; };
		F2AD5BB3199963DE00A26E5D /* AppDelegate.m */ = {isa = PBXFileReference; lastKnownFileType = sourcecode.c.objc; path = AppDelegate.m; sourceTree = "<group>"; };
		F2AD5BB5199963DE00A26E5D /* ViewController.h */ = {isa = PBXFileReference; lastKnownFileType = sourcecode.c.h; path = ViewController.h; sourceTree = "<group>"; };
		F2AD5BB6199963DE00A26E5D /* ViewController.m */ = {isa = PBXFileReference; lastKnownFileType = sourcecode.c.objc; path = ViewController.m; sourceTree = "<group>"; };
		F2AD5BB9199963DE00A26E5D /* Base */ = {isa = PBXFileReference; lastKnownFileType = file.storyboard; name = Base; path = Base.lproj/Main.storyboard; sourceTree = "<group>"; };
		F2AD5BBB199963DE00A26E5D /* Images.xcassets */ = {isa = PBXFileReference; lastKnownFileType = folder.assetcatalog; path = Images.xcassets; sourceTree = "<group>"; };
		F2AD5BC1199963DE00A26E5D /* CueLightController.temp_caseinsensitive_renameTests.xctest */ = {isa = PBXFileReference; explicitFileType = wrapper.cfbundle; includeInIndex = 0; path = CueLightController.temp_caseinsensitive_renameTests.xctest; sourceTree = BUILT_PRODUCTS_DIR; };
		F2AD5BC6199963DE00A26E5D /* Info.plist */ = {isa = PBXFileReference; lastKnownFileType = text.plist.xml; path = Info.plist; sourceTree = "<group>"; };
		F2AD5BC7199963DE00A26E5D /* cueLightControllerTests.m */ = {isa = PBXFileReference; lastKnownFileType = sourcecode.c.objc; path = cueLightControllerTests.m; sourceTree = "<group>"; };
/* End PBXFileReference section */

/* Begin PBXFrameworksBuildPhase section */
		F2AD5BA8199963DE00A26E5D /* Frameworks */ = {
			isa = PBXFrameworksBuildPhase;
			buildActionMask = 2147483647;
			files = (
			);
			runOnlyForDeploymentPostprocessing = 0;
		};
		F2AD5BBE199963DE00A26E5D /* Frameworks */ = {
			isa = PBXFrameworksBuildPhase;
			buildActionMask = 2147483647;
			files = (
			);
			runOnlyForDeploymentPostprocessing = 0;
		};
/* End PBXFrameworksBuildPhase section */

/* Begin PBXGroup section */
		F2AD5BA2199963DE00A26E5D = {
			isa = PBXGroup;
			children = (
				F2AD5BAD199963DE00A26E5D /* cueLightController */,
				F2AD5BC4199963DE00A26E5D /* cueLightControllerTests */,
				F2AD5BAC199963DE00A26E5D /* Products */,
			);
			sourceTree = "<group>";
		};
		F2AD5BAC199963DE00A26E5D /* Products */ = {
			isa = PBXGroup;
			children = (
				F2AD5BAB199963DE00A26E5D /* CueLightController.temp_caseinsensitive_rename.app */,
				F2AD5BC1199963DE00A26E5D /* CueLightController.temp_caseinsensitive_renameTests.xctest */,
			);
			name = Products;
			sourceTree = "<group>";
		};
		F2AD5BAD199963DE00A26E5D /* cueLightController */ = {
			isa = PBXGroup;
			children = (
				F2AD5BB2199963DE00A26E5D /* AppDelegate.h */,
				F2AD5BB3199963DE00A26E5D /* AppDelegate.m */,
				F2AD5BB5199963DE00A26E5D /* ViewController.h */,
				F2AD5BB6199963DE00A26E5D /* ViewController.m */,
				F22A36F8199BE1C100512C87 /* OPTVC.h */,
				F22A36F9199BE1C100512C87 /* OPTVC.m */,
				F251BE13199A988F0030C7F6 /* MPController.h */,
				F251BE14199A988F0030C7F6 /* MPController.m */,
				F2AD5BB8199963DE00A26E5D /* Main.storyboard */,
				F2AD5BBB199963DE00A26E5D /* Images.xcassets */,
				F298B74F19BC745400F1D6F5 /* AudioController.m */,
				F298B75019BC745400F1D6F5 /* AudioController.h */,
				F2AD5BAE199963DE00A26E5D /* Supporting Files */,
			);
			path = cueLightController;
			sourceTree = "<group>";
		};
		F2AD5BAE199963DE00A26E5D /* Supporting Files */ = {
			isa = PBXGroup;
			children = (
				F2AD5BAF199963DE00A26E5D /* Info.plist */,
				F2AD5BB0199963DE00A26E5D /* main.m */,
			);
			name = "Supporting Files";
			sourceTree = "<group>";
		};
		F2AD5BC4199963DE00A26E5D /* cueLightControllerTests */ = {
			isa = PBXGroup;
			children = (
				F2AD5BC7199963DE00A26E5D /* cueLightControllerTests.m */,
				F2AD5BC5199963DE00A26E5D /* Supporting Files */,
			);
			path = cueLightControllerTests;
			sourceTree = "<group>";
		};
		F2AD5BC5199963DE00A26E5D /* Supporting Files */ = {
			isa = PBXGroup;
			children = (
				F2AD5BC6199963DE00A26E5D /* Info.plist */,
			);
			name = "Supporting Files";
			sourceTree = "<group>";
		};
/* End PBXGroup section */

/* Begin PBXNativeTarget section */
		F2AD5BAA199963DE00A26E5D /* CueLightController.temp_caseinsensitive_rename */ = {
			isa = PBXNativeTarget;
			buildConfigurationList = F2AD5BCB199963DE00A26E5D /* Build configuration list for PBXNativeTarget "CueLightController.temp_caseinsensitive_rename" */;
			buildPhases = (
				F2AD5BA7199963DE00A26E5D /* Sources */,
				F2AD5BA8199963DE00A26E5D /* Frameworks */,
				F2AD5BA9199963DE00A26E5D /* Resources */,
			);
			buildRules = (
			);
			dependencies = (
			);
			name = CueLightController.temp_caseinsensitive_rename;
			productName = cueLightController;
			productReference = F2AD5BAB199963DE00A26E5D /* CueLightController.temp_caseinsensitive_rename.app */;
			productType = "com.apple.product-type.application";
		};
		F2AD5BC0199963DE00A26E5D /* CueLightController.temp_caseinsensitive_renameTests */ = {
			isa = PBXNativeTarget;
			buildConfigurationList = F2AD5BCE199963DE00A26E5D /* Build configuration list for PBXNativeTarget "CueLightController.temp_caseinsensitive_renameTests" */;
			buildPhases = (
				F2AD5BBD199963DE00A26E5D /* Sources */,
				F2AD5BBE199963DE00A26E5D /* Frameworks */,
				F2AD5BBF199963DE00A26E5D /* Resources */,
			);
			buildRules = (
			);
			dependencies = (
				F2AD5BC3199963DE00A26E5D /* PBXTargetDependency */,
			);
			name = CueLightController.temp_caseinsensitive_renameTests;
			productName = cueLightControllerTests;
			productReference = F2AD5BC1199963DE00A26E5D /* CueLightController.temp_caseinsensitive_renameTests.xctest */;
			productType = "com.apple.product-type.bundle.unit-test";
		};
/* End PBXNativeTarget section */

/* Begin PBXProject section */
		F2AD5BA3199963DE00A26E5D /* Project object */ = {
			isa = PBXProject;
			attributes = {
				LastUpgradeCheck = 0600;
				ORGANIZATIONNAME = "Callum Ryan";
				TargetAttributes = {
					F2AD5BAA199963DE00A26E5D = {
						CreatedOnToolsVersion = 6.0;
					};
					F2AD5BC0199963DE00A26E5D = {
						CreatedOnToolsVersion = 6.0;
						TestTargetID = F2AD5BAA199963DE00A26E5D;
					};
				};
			};
			buildConfigurationList = F2AD5BA6199963DE00A26E5D /* Build configuration list for PBXProject "CueLightController" */;
			compatibilityVersion = "Xcode 3.2";
			developmentRegion = English;
			hasScannedForEncodings = 0;
			knownRegions = (
				en,
				Base,
			);
			mainGroup = F2AD5BA2199963DE00A26E5D;
			productRefGroup = F2AD5BAC199963DE00A26E5D /* Products */;
			projectDirPath = "";
			projectRoot = "";
			targets = (
				F2AD5BAA199963DE00A26E5D /* CueLightController.temp_caseinsensitive_rename */,
				F2AD5BC0199963DE00A26E5D /* CueLightController.temp_caseinsensitive_renameTests */,
			);
		};
/* End PBXProject section */

/* Begin PBXResourcesBuildPhase section */
		F2AD5BA9199963DE00A26E5D /* Resources */ = {
			isa = PBXResourcesBuildPhase;
			buildActionMask = 2147483647;
			files = (
				F2AD5BBA199963DE00A26E5D /* Main.storyboard in Resources */,
				F2AD5BBC199963DE00A26E5D /* Images.xcassets in Resources */,
			);
			runOnlyForDeploymentPostprocessing = 0;
		};
		F2AD5BBF199963DE00A26E5D /* Resources */ = {
			isa = PBXResourcesBuildPhase;
			buildActionMask = 2147483647;
			files = (
			);
			runOnlyForDeploymentPostprocessing = 0;
		};
/* End PBXResourcesBuildPhase section */

/* Begin PBXSourcesBuildPhase section */
		F2AD5BA7199963DE00A26E5D /* Sources */ = {
			isa = PBXSourcesBuildPhase;
			buildActionMask = 2147483647;
			files = (
				F298B75119BC745400F1D6F5 /* AudioController.m in Sources */,
				F2AD5BB7199963DE00A26E5D /* ViewController.m in Sources */,
				F2AD5BB4199963DE00A26E5D /* AppDelegate.m in Sources */,
				F251BE15199A988F0030C7F6 /* MPController.m in Sources */,
				F22A36FA199BE1C100512C87 /* OPTVC.m in Sources */,
				F2AD5BB1199963DE00A26E5D /* main.m in Sources */,
			);
			runOnlyForDeploymentPostprocessing = 0;
		};
		F2AD5BBD199963DE00A26E5D /* Sources */ = {
			isa = PBXSourcesBuildPhase;
			buildActionMask = 2147483647;
			files = (
				F2AD5BC8199963DE00A26E5D /* cueLightControllerTests.m in Sources */,
			);
			runOnlyForDeploymentPostprocessing = 0;
		};
/* End PBXSourcesBuildPhase section */

/* Begin PBXTargetDependency section */
		F2AD5BC3199963DE00A26E5D /* PBXTargetDependency */ = {
			isa = PBXTargetDependency;
			target = F2AD5BAA199963DE00A26E5D /* CueLightController.temp_caseinsensitive_rename */;
			targetProxy = F2AD5BC2199963DE00A26E5D /* PBXContainerItemProxy */;
		};
/* End PBXTargetDependency section */

/* Begin PBXVariantGroup section */
		F2AD5BB8199963DE00A26E5D /* Main.storyboard */ = {
			isa = PBXVariantGroup;
			children = (
				F2AD5BB9199963DE00A26E5D /* Base */,
			);
			name = Main.storyboard;
			sourceTree = "<group>";
		};
/* End PBXVariantGroup section */

/* Begin XCBuildConfiguration section */
		F2AD5BC9199963DE00A26E5D /* Debug */ = {
			isa = XCBuildConfiguration;
			buildSettings = {
				ALWAYS_SEARCH_USER_PATHS = NO;
				CLANG_CXX_LANGUAGE_STANDARD = "gnu++0x";
				CLANG_CXX_LIBRARY = "libc++";
				CLANG_ENABLE_MODULES = YES;
				CLANG_ENABLE_OBJC_ARC = YES;
				CLANG_WARN_BOOL_CONVERSION = YES;
				CLANG_WARN_CONSTANT_CONVERSION = YES;
				CLANG_WARN_DIRECT_OBJC_ISA_USAGE = YES_ERROR;
				CLANG_WARN_EMPTY_BODY = YES;
				CLANG_WARN_ENUM_CONVERSION = YES;
				CLANG_WARN_INT_CONVERSION = YES;
				CLANG_WARN_OBJC_ROOT_CLASS = YES_ERROR;
				CLANG_WARN_UNREACHABLE_CODE = YES;
				CLANG_WARN__DUPLICATE_METHOD_MATCH = YES;
				"CODE_SIGN_IDENTITY[sdk=iphoneos*]" = "iPhone Developer";
				COPY_PHASE_STRIP = NO;
				ENABLE_STRICT_OBJC_MSGSEND = YES;
				GCC_C_LANGUAGE_STANDARD = gnu99;
				GCC_DYNAMIC_NO_PIC = NO;
				GCC_OPTIMIZATION_LEVEL = 0;
				GCC_PREPROCESSOR_DEFINITIONS = (
					"DEBUG=1",
					"$(inherited)",
				);
				GCC_SYMBOLS_PRIVATE_EXTERN = NO;
				GCC_WARN_64_TO_32_BIT_CONVERSION = YES;
				GCC_WARN_ABOUT_RETURN_TYPE = YES_ERROR;
				GCC_WARN_UNDECLARED_SELECTOR = YES;
				GCC_WARN_UNINITIALIZED_AUTOS = YES_AGGRESSIVE;
				GCC_WARN_UNUSED_FUNCTION = YES;
				GCC_WARN_UNUSED_VARIABLE = YES;
				IPHONEOS_DEPLOYMENT_TARGET = 8.0;
				METAL_ENABLE_DEBUG_INFO = YES;
				ONLY_ACTIVE_ARCH = YES;
				SDKROOT = iphoneos;
				TARGETED_DEVICE_FAMILY = 2;
			};
			name = Debug;
		};
		F2AD5BCA199963DE00A26E5D /* Release */ = {
			isa = XCBuildConfiguration;
			buildSettings = {
				ALWAYS_SEARCH_USER_PATHS = NO;
				CLANG_CXX_LANGUAGE_STANDARD = "gnu++0x";
				CLANG_CXX_LIBRARY = "libc++";
				CLANG_ENABLE_MODULES = YES;
				CLANG_ENABLE_OBJC_ARC = YES;
				CLANG_WARN_BOOL_CONVERSION = YES;
				CLANG_WARN_CONSTANT_CONVERSION = YES;
				CLANG_WARN_DIRECT_OBJC_ISA_USAGE = YES_ERROR;
				CLANG_WARN_EMPTY_BODY = YES;
				CLANG_WARN_ENUM_CONVERSION = YES;
				CLANG_WARN_INT_CONVERSION = YES;
				CLANG_WARN_OBJC_ROOT_CLASS = YES_ERROR;
				CLANG_WARN_UNREACHABLE_CODE = YES;
				CLANG_WARN__DUPLICATE_METHOD_MATCH = YES;
				"CODE_SIGN_IDENTITY[sdk=iphoneos*]" = "iPhone Developer";
				COPY_PHASE_STRIP = YES;
				ENABLE_NS_ASSERTIONS = NO;
				ENABLE_STRICT_OBJC_MSGSEND = YES;
				GCC_C_LANGUAGE_STANDARD = gnu99;
				GCC_WARN_64_TO_32_BIT_CONVERSION = YES;
				GCC_WARN_ABOUT_RETURN_TYPE = YES_ERROR;
				GCC_WARN_UNDECLARED_SELECTOR = YES;
				GCC_WARN_UNINITIALIZED_AUTOS = YES_AGGRESSIVE;
				GCC_WARN_UNUSED_FUNCTION = YES;
				GCC_WARN_UNUSED_VARIABLE = YES;
				IPHONEOS_DEPLOYMENT_TARGET = 8.0;
				METAL_ENABLE_DEBUG_INFO = NO;
				SDKROOT = iphoneos;
				TARGETED_DEVICE_FAMILY = 2;
				VALIDATE_PRODUCT = YES;
			};
			name = Release;
		};
		F2AD5BCC199963DE00A26E5D /* Debug */ = {
			isa = XCBuildConfiguration;
			buildSettings = {
				ASSETCATALOG_COMPILER_APPICON_NAME = AppIcon;
				ASSETCATALOG_COMPILER_LAUNCHIMAGE_NAME = LaunchImage;
				CODE_SIGN_IDENTITY = "iPhone Developer: Alan Cropper (2XRPR9MUCT)";
				INFOPLIST_FILE = cueLightController/Info.plist;
				IPHONEOS_DEPLOYMENT_TARGET = 7.0;
				LD_RUNPATH_SEARCH_PATHS = "$(inherited) @executable_path/Frameworks";
				PRODUCT_NAME = CueLightController.temp_caseinsensitive_rename;
			};
			name = Debug;
		};
		F2AD5BCD199963DE00A26E5D /* Release */ = {
			isa = XCBuildConfiguration;
			buildSettings = {
				ASSETCATALOG_COMPILER_APPICON_NAME = AppIcon;
				ASSETCATALOG_COMPILER_LAUNCHIMAGE_NAME = LaunchImage;
				CODE_SIGN_IDENTITY = "iPhone Developer: Alan Cropper (2XRPR9MUCT)";
				INFOPLIST_FILE = cueLightController/Info.plist;
				IPHONEOS_DEPLOYMENT_TARGET = 7.0;
				LD_RUNPATH_SEARCH_PATHS = "$(inherited) @executable_path/Frameworks";
				PRODUCT_NAME = CueLightController.temp_caseinsensitive_rename;
			};
			name = Release;
		};
		F2AD5BCF199963DE00A26E5D /* Debug */ = {
			isa = XCBuildConfiguration;
			buildSettings = {
				BUNDLE_LOADER = "$(BUILT_PRODUCTS_DIR)/cueLightController.app/cueLightController";
				FRAMEWORK_SEARCH_PATHS = (
					"$(SDKROOT)/Developer/Library/Frameworks",
					"$(inherited)",
				);
				GCC_PREPROCESSOR_DEFINITIONS = (
					"DEBUG=1",
					"$(inherited)",
				);
				INFOPLIST_FILE = cueLightControllerTests/Info.plist;
				LD_RUNPATH_SEARCH_PATHS = "$(inherited) @executable_path/Frameworks @loader_path/Frameworks";
				METAL_ENABLE_DEBUG_INFO = YES;
				PRODUCT_NAME = CueLightController.temp_caseinsensitive_renameTests;
				TEST_HOST = "$(BUNDLE_LOADER)";
			};
			name = Debug;
		};
		F2AD5BD0199963DE00A26E5D /* Release */ = {
			isa = XCBuildConfiguration;
			buildSettings = {
				BUNDLE_LOADER = "$(BUILT_PRODUCTS_DIR)/cueLightController.app/cueLightController";
				FRAMEWORK_SEARCH_PATHS = (
					"$(SDKROOT)/Developer/Library/Frameworks",
					"$(inherited)",
				);
				INFOPLIST_FILE = cueLightControllerTests/Info.plist;
				LD_RUNPATH_SEARCH_PATHS = "$(inherited) @executable_path/Frameworks @loader_path/Frameworks";
				METAL_ENABLE_DEBUG_INFO = NO;
				PRODUCT_NAME = CueLightController.temp_caseinsensitive_renameTests;
				TEST_HOST = "$(BUNDLE_LOADER)";
			};
			name = Release;
		};
/* End XCBuildConfiguration section */

/* Begin XCConfigurationList section */
		F2AD5BA6199963DE00A26E5D /* Build configuration list for PBXProject "CueLightController" */ = {
			isa = XCConfigurationList;
			buildConfigurations = (
				F2AD5BC9199963DE00A26E5D /* Debug */,
				F2AD5BCA199963DE00A26E5D /* Release */,
			);
			defaultConfigurationIsVisible = 0;
			defaultConfigurationName = Release;
		};
		F2AD5BCB199963DE00A26E5D /* Build configuration list for PBXNativeTarget "CueLightController.temp_caseinsensitive_rename" */ = {
			isa = XCConfigurationList;
			buildConfigurations = (
				F2AD5BCC199963DE00A26E5D /* Debug */,
				F2AD5BCD199963DE00A26E5D /* Release */,
			);
			defaultConfigurationIsVisible = 0;
			defaultConfigurationName = Release;
		};
		F2AD5BCE199963DE00A26E5D /* Build configuration list for PBXNativeTarget "CueLightController.temp_caseinsensitive_renameTests" */ = {
			isa = XCConfigurationList;
			buildConfigurations = (
				F2AD5BCF199963DE00A26E5D /* Debug */,
				F2AD5BD0199963DE00A26E5D /* Release */,
			);
			defaultConfigurationIsVisible = 0;
			defaultConfigurationName = Release;
		};
/* End XCConfigurationList section */
	};
	rootObject = F2AD5BA3199963DE00A26E5D /* Project object */;
}
